
Microsoft Visual Studio Solution File, Format Version 12.00
# Visual Studio Version 16
VisualStudioVersion = 16.0.30128.36
MinimumVisualStudioVersion = 10.0.40219.1
Project("{8BC9CEB8-8B4A-11D0-8D11-00A0C91BC942}") = "MFCActiveXControl", "MFCActiveXControl\MFCActiveXControl.vcxproj", "{0BD63201-BEBF-44E5-81EA-55BAA01C491C}"
EndProject
Project("{FAE04EC0-301F-11D3-BF4B-00C04F79EFBC}") = "WindowsFormsDesktopApp", "WindowsFormsDesktopApp\WindowsFormsDesktopApp.csproj", "{F32000FE-8658-49C6-A17C-850DD37EE798}"
	ProjectSection(ProjectDependencies) = postProject
		{0BD63201-BEBF-44E5-81EA-55BAA01C491C} = {0BD63201-BEBF-44E5-81EA-55BAA01C491C}
	EndProjectSection
EndProject
Project("{FAE04EC0-301F-11D3-BF4B-00C04F79EFBC}") = "WindowsFormsCoreApp", "WindowsFormsCoreApp\WindowsFormsCoreApp.csproj", "{B2FC405A-84ED-4439-A95A-D23C8523968C}"
	ProjectSection(ProjectDependencies) = postProject
		{0BD63201-BEBF-44E5-81EA-55BAA01C491C} = {0BD63201-BEBF-44E5-81EA-55BAA01C491C}
	EndProjectSection
EndProject
Global
	GlobalSection(SolutionConfigurationPlatforms) = preSolution
		Debug|Any CPU = Debug|Any CPU
		Debug|x64 = Debug|x64
		Debug|x86 = Debug|x86
		Release|Any CPU = Release|Any CPU
		Release|x64 = Release|x64
		Release|x86 = Release|x86
	EndGlobalSection
	GlobalSection(ProjectConfigurationPlatforms) = postSolution
		{0BD63201-BEBF-44E5-81EA-55BAA01C491C}.Debug|Any CPU.ActiveCfg = Debug|x64
		{0BD63201-BEBF-44E5-81EA-55BAA01C491C}.Debug|Any CPU.Build.0 = Debug|x64
		{0BD63201-BEBF-44E5-81EA-55BAA01C491C}.Debug|x64.ActiveCfg = Debug|x64
		{0BD63201-BEBF-44E5-81EA-55BAA01C491C}.Debug|x64.Build.0 = Debug|x64
		{0BD63201-BEBF-44E5-81EA-55BAA01C491C}.Debug|x86.ActiveCfg = Debug|Win32
		{0BD63201-BEBF-44E5-81EA-55BAA01C491C}.Debug|x86.Build.0 = Debug|Win32
		{0BD63201-BEBF-44E5-81EA-55BAA01C491C}.Release|Any CPU.ActiveCfg = Release|Win32
		{0BD63201-BEBF-44E5-81EA-55BAA01C491C}.Release|x64.ActiveCfg = Release|x64
		{0BD63201-BEBF-44E5-81EA-55BAA01C491C}.Release|x64.Build.0 = Release|x64
		{0BD63201-BEBF-44E5-81EA-55BAA01C491C}.Release|x86.ActiveCfg = Release|Win32
		{0BD63201-BEBF-44E5-81EA-55BAA01C491C}.Release|x86.Build.0 = Release|Win32
		{F32000FE-8658-49C6-A17C-850DD37EE798}.Debug|Any CPU.ActiveCfg = Debug|Any CPU
		{F32000FE-8658-49C6-A17C-850DD37EE798}.Debug|Any CPU.Build.0 = Debug|Any CPU
		{F32000FE-8658-49C6-A17C-850DD37EE798}.Debug|x64.ActiveCfg = Debug|Any CPU
		{F32000FE-8658-49C6-A17C-850DD37EE798}.Debug|x64.Build.0 = Debug|Any CPU
		{F32000FE-8658-49C6-A17C-850DD37EE798}.Debug|x86.ActiveCfg = Debug|Any CPU
		{F32000FE-8658-49C6-A17C-850DD37EE798}.Debug|x86.Build.0 = Debug|Any CPU
		{F32000FE-8658-49C6-A17C-850DD37EE798}.Release|Any CPU.ActiveCfg = Release|Any CPU
		{F32000FE-8658-49C6-A17C-850DD37EE798}.Release|Any CPU.Build.0 = Release|Any CPU
		{F32000FE-8658-49C6-A17C-850DD37EE798}.Release|x64.ActiveCfg = Release|Any CPU
		{F32000FE-8658-49C6-A17C-850DD37EE798}.Release|x64.Build.0 = Release|Any CPU
		{F32000FE-8658-49C6-A17C-850DD37EE798}.Release|x86.ActiveCfg = Release|Any CPU
		{F32000FE-8658-49C6-A17C-850DD37EE798}.Release|x86.Build.0 = Release|Any CPU
		{B2FC405A-84ED-4439-A95A-D23C8523968C}.Debug|Any CPU.ActiveCfg = Debug|Any CPU
		{B2FC405A-84ED-4439-A95A-D23C8523968C}.Debug|Any CPU.Build.0 = Debug|Any CPU
		{B2FC405A-84ED-4439-A95A-D23C8523968C}.Debug|x64.ActiveCfg = Debug|Any CPU
		{B2FC405A-84ED-4439-A95A-D23C8523968C}.Debug|x64.Build.0 = Debug|Any CPU
		{B2FC405A-84ED-4439-A95A-D23C8523968C}.Debug|x86.ActiveCfg = Debug|Any CPU
		{B2FC405A-84ED-4439-A95A-D23C8523968C}.Debug|x86.Build.0 = Debug|Any CPU
		{B2FC405A-84ED-4439-A95A-D23C8523968C}.Release|Any CPU.ActiveCfg = Release|Any CPU
		{B2FC405A-84ED-4439-A95A-D23C8523968C}.Release|Any CPU.Build.0 = Release|Any CPU
		{B2FC405A-84ED-4439-A95A-D23C8523968C}.Release|x64.ActiveCfg = Release|Any CPU
		{B2FC405A-84ED-4439-A95A-D23C8523968C}.Release|x64.Build.0 = Release|Any CPU
		{B2FC405A-84ED-4439-A95A-D23C8523968C}.Release|x86.ActiveCfg = Release|Any CPU
		{B2FC405A-84ED-4439-A95A-D23C8523968C}.Release|x86.Build.0 = Release|Any CPU
	EndGlobalSection
	GlobalSection(SolutionProperties) = preSolution
		HideSolutionNode = FALSE
	EndGlobalSection
	GlobalSection(ExtensibilityGlobals) = postSolution
		SolutionGuid = {1CC79510-FD11-44E2-B98B-FB5F19E40F0E}
	EndGlobalSection
EndGlobal
